
Microsoft Visual Studio Solution File, Format Version 11.00
# Visual C++ Express 2010
Project("{8BC9CEB8-8B4A-11D0-8D11-00A0C91BC942}") = "socket_test_c", "socket_test_c.vcxproj", "{78DB900F-C440-434C-B56F-736BBCD198FC}"
EndProject
Project("{8BC9CEB8-8B4A-11D0-8D11-00A0C91BC942}") = "socket_test_s", "socket_test_s.vcxproj", "{515C532A-EC46-4397-979B-0BDD6414A413}"
EndProject
Global
	GlobalSection(SolutionConfigurationPlatforms) = preSolution
		Debug|Win32 = Debug|Win32
		Release|Win32 = Release|Win32
	EndGlobalSection
	GlobalSection(ProjectConfigurationPlatforms) = postSolution
		{78DB900F-C440-434C-B56F-736BBCD198FC}.Debug|Win32.ActiveCfg = Debug|Win32
		{78DB900F-C440-434C-B56F-736BBCD198FC}.Debug|Win32.Build.0 = Debug|Win32
		{78DB900F-C440-434C-B56F-736BBCD198FC}.Release|Win32.ActiveCfg = Release|Win32
		{78DB900F-C440-434C-B56F-736BBCD198FC}.Release|Win32.Build.0 = Release|Win32
		{515C532A-EC46-4397-979B-0BDD6414A413}.Debug|Win32.ActiveCfg = Debug|Win32
		{515C532A-EC46-4397-979B-0BDD6414A413}.Debug|Win32.Build.0 = Debug|Win32
		{515C532A-EC46-4397-979B-0BDD6414A413}.Release|Win32.ActiveCfg = Release|Win32
		{515C532A-EC46-4397-979B-0BDD6414A413}.Release|Win32.Build.0 = Release|Win32
	EndGlobalSection
	GlobalSection(SolutionProperties) = preSolution
		HideSolutionNode = FALSE
	EndGlobalSection
EndGlobal
